
Microsoft Visual Studio Solution File, Format Version 12.00
# Visual Studio 14
VisualStudioVersion = 14.0.25420.1
MinimumVisualStudioVersion = 10.0.40219.1
Project("{E24C65DC-7377-472B-9ABA-BC803B73C61A}") = "053001houseproject", ".", "{3E37DAD1-D109-4283-8A96-DBB3B10BA0D8}"
	ProjectSection(WebsiteProperties) = preProject
		TargetFrameworkMoniker = ".NETFramework,Version%3Dv4.6"
		ProjectReferences = "{3d77aef7-2740-4b70-bcbe-9f32724643e3}|HouseProjectManager.dll;{F2237FD0-1EAA-4A90-904F-32675B5618A9}|HouseProjectDAL.dll;{19665E09-8E22-4434-B6FE-4E5142D1162A}|HouseProjectModel.dll;"
		Debug.AspNetCompiler.VirtualPath = "/localhost_7768"
		Debug.AspNetCompiler.PhysicalPath = "..\053001houseproject\"
		Debug.AspNetCompiler.TargetPath = "PrecompiledWeb\localhost_7768\"
		Debug.AspNetCompiler.Updateable = "true"
		Debug.AspNetCompiler.ForceOverwrite = "true"
		Debug.AspNetCompiler.FixedNames = "false"
		Debug.AspNetCompiler.Debug = "True"
		Release.AspNetCompiler.VirtualPath = "/localhost_7768"
		Release.AspNetCompiler.PhysicalPath = "..\053001houseproject\"
		Release.AspNetCompiler.TargetPath = "PrecompiledWeb\localhost_7768\"
		Release.AspNetCompiler.Updateable = "true"
		Release.AspNetCompiler.ForceOverwrite = "true"
		Release.AspNetCompiler.FixedNames = "false"
		Release.AspNetCompiler.Debug = "False"
		VWDPort = "7768"
		SlnRelativePath = "..\053001houseproject\"
		DefaultWebSiteLanguage = "Visual C#"
	EndProjectSection
EndProject
Project("{FAE04EC0-301F-11D3-BF4B-00C04F79EFBC}") = "HouseProjectModel", "HouseProjectModel\HouseProjectModel.csproj", "{19665E09-8E22-4434-B6FE-4E5142D1162A}"
EndProject
Project("{FAE04EC0-301F-11D3-BF4B-00C04F79EFBC}") = "HouseProjectDAL", "HouseProjectDAL\HouseProjectDAL.csproj", "{F2237FD0-1EAA-4A90-904F-32675B5618A9}"
EndProject
Project("{FAE04EC0-301F-11D3-BF4B-00C04F79EFBC}") = "HouseProjectManager", "HouseProjectManager\HouseProjectManager.csproj", "{3D77AEF7-2740-4B70-BCBE-9F32724643E3}"
EndProject
Global
	GlobalSection(SolutionConfigurationPlatforms) = preSolution
		Debug|Any CPU = Debug|Any CPU
		Release|Any CPU = Release|Any CPU
	EndGlobalSection
	GlobalSection(ProjectConfigurationPlatforms) = postSolution
		{3E37DAD1-D109-4283-8A96-DBB3B10BA0D8}.Debug|Any CPU.ActiveCfg = Debug|Any CPU
		{3E37DAD1-D109-4283-8A96-DBB3B10BA0D8}.Debug|Any CPU.Build.0 = Debug|Any CPU
		{3E37DAD1-D109-4283-8A96-DBB3B10BA0D8}.Release|Any CPU.ActiveCfg = Debug|Any CPU
		{3E37DAD1-D109-4283-8A96-DBB3B10BA0D8}.Release|Any CPU.Build.0 = Debug|Any CPU
		{19665E09-8E22-4434-B6FE-4E5142D1162A}.Debug|Any CPU.ActiveCfg = Debug|Any CPU
		{19665E09-8E22-4434-B6FE-4E5142D1162A}.Debug|Any CPU.Build.0 = Debug|Any CPU
		{19665E09-8E22-4434-B6FE-4E5142D1162A}.Release|Any CPU.ActiveCfg = Release|Any CPU
		{19665E09-8E22-4434-B6FE-4E5142D1162A}.Release|Any CPU.Build.0 = Release|Any CPU
		{F2237FD0-1EAA-4A90-904F-32675B5618A9}.Debug|Any CPU.ActiveCfg = Debug|Any CPU
		{F2237FD0-1EAA-4A90-904F-32675B5618A9}.Debug|Any CPU.Build.0 = Debug|Any CPU
		{F2237FD0-1EAA-4A90-904F-32675B5618A9}.Release|Any CPU.ActiveCfg = Release|Any CPU
		{F2237FD0-1EAA-4A90-904F-32675B5618A9}.Release|Any CPU.Build.0 = Release|Any CPU
		{3D77AEF7-2740-4B70-BCBE-9F32724643E3}.Debug|Any CPU.ActiveCfg = Debug|Any CPU
		{3D77AEF7-2740-4B70-BCBE-9F32724643E3}.Debug|Any CPU.Build.0 = Debug|Any CPU
		{3D77AEF7-2740-4B70-BCBE-9F32724643E3}.Release|Any CPU.ActiveCfg = Release|Any CPU
		{3D77AEF7-2740-4B70-BCBE-9F32724643E3}.Release|Any CPU.Build.0 = Release|Any CPU
	EndGlobalSection
	GlobalSection(SolutionProperties) = preSolution
		HideSolutionNode = FALSE
	EndGlobalSection
EndGlobal
