
Microsoft Visual Studio Solution File, Format Version 12.00
# Visual Studio 14
VisualStudioVersion = 14.0.23107.0
MinimumVisualStudioVersion = 10.0.40219.1
Project("{FAE04EC0-301F-11D3-BF4B-00C04F79EFBC}") = "020602非常经典的JAVA编程题全集", "020602非常经典的JAVA编程题全集\020602非常经典的JAVA编程题全集.csproj", "{BF89CED3-5536-450C-A9D8-FB9E3C778487}"
EndProject
Project("{FAE04EC0-301F-11D3-BF4B-00C04F79EFBC}") = "经典01", "经典01\经典01.csproj", "{1D02436D-22C1-41D0-ADA7-EC264D36589A}"
EndProject
Project("{FAE04EC0-301F-11D3-BF4B-00C04F79EFBC}") = "经典01递归实现", "经典01递归实现\经典01递归实现.csproj", "{D266738C-0BE4-42E9-836A-3BFF8F2874B8}"
EndProject
Project("{FAE04EC0-301F-11D3-BF4B-00C04F79EFBC}") = "经典02", "经典02\经典02.csproj", "{F40D8928-39CD-4E22-93C9-44C3456E8853}"
EndProject
Project("{FAE04EC0-301F-11D3-BF4B-00C04F79EFBC}") = "经典03", "经典03\经典03.csproj", "{01868AB9-7F0D-4CCF-B02D-0E61D3DE0542}"
EndProject
Project("{FAE04EC0-301F-11D3-BF4B-00C04F79EFBC}") = "经典04", "经典04\经典04.csproj", "{074F1F02-AA97-4DB0-BA28-D1681D375A17}"
EndProject
Project("{FAE04EC0-301F-11D3-BF4B-00C04F79EFBC}") = "经典05", "经典05\经典05.csproj", "{40697325-F042-4083-A8AF-EFFD71DE34F1}"
EndProject
Project("{FAE04EC0-301F-11D3-BF4B-00C04F79EFBC}") = "经典06", "经典06\经典06.csproj", "{CAB856FD-BB84-458E-8D17-F55C4083056A}"
EndProject
Project("{FAE04EC0-301F-11D3-BF4B-00C04F79EFBC}") = "经典07", "经典07\经典07.csproj", "{2F5D19D4-5093-4DE7-B1DA-156D50077E2D}"
EndProject
Project("{FAE04EC0-301F-11D3-BF4B-00C04F79EFBC}") = "经典08", "经典08\经典08.csproj", "{48F48900-D888-4B29-8794-FBEDB9C57455}"
EndProject
Project("{FAE04EC0-301F-11D3-BF4B-00C04F79EFBC}") = "经典09", "经典09\经典09.csproj", "{591B59E9-6064-4928-9F0D-E6ED763068D6}"
EndProject
Project("{FAE04EC0-301F-11D3-BF4B-00C04F79EFBC}") = "经典10", "经典10\经典10.csproj", "{616B0540-6795-4059-B53A-E1CE7A5D805F}"
EndProject
Project("{FAE04EC0-301F-11D3-BF4B-00C04F79EFBC}") = "经典11", "经典11\经典11.csproj", "{7B3AF0E6-FED4-4BBE-B817-397F9883E6EB}"
EndProject
Project("{FAE04EC0-301F-11D3-BF4B-00C04F79EFBC}") = "经典12", "经典12\经典12.csproj", "{D5DF97A9-1C65-4CF4-AAE9-D86E55D6CC18}"
EndProject
Project("{FAE04EC0-301F-11D3-BF4B-00C04F79EFBC}") = "经典07巩固", "经典07巩固\经典07巩固.csproj", "{34B28C90-96FA-4083-B569-4F15E37DCA01}"
EndProject
Project("{FAE04EC0-301F-11D3-BF4B-00C04F79EFBC}") = "经典08巩固", "经典08巩固\经典08巩固.csproj", "{F8CCBBA6-62BF-4615-9CDD-6181619696D5}"
EndProject
Project("{FAE04EC0-301F-11D3-BF4B-00C04F79EFBC}") = "经典13", "经典13\经典13.csproj", "{F16F538C-6CD2-4E8C-B137-1B2C9D20C29E}"
EndProject
Project("{FAE04EC0-301F-11D3-BF4B-00C04F79EFBC}") = "经典14", "经典14\经典14.csproj", "{18ED550A-8E13-477F-B8A4-34CD1E9E4D20}"
EndProject
Project("{FAE04EC0-301F-11D3-BF4B-00C04F79EFBC}") = "经典15", "经典15\经典15.csproj", "{2B0FAE56-8CF8-45AE-8E0B-97A2AFDD6F19}"
EndProject
Project("{FAE04EC0-301F-11D3-BF4B-00C04F79EFBC}") = "经典16", "经典16\经典16.csproj", "{4FAB09FC-FF37-4401-B842-152EDAA5E027}"
EndProject
Project("{FAE04EC0-301F-11D3-BF4B-00C04F79EFBC}") = "经典17", "经典17\经典17.csproj", "{6F7C1DB3-67D7-4E98-B4B8-16D7718E2D26}"
EndProject
Project("{FAE04EC0-301F-11D3-BF4B-00C04F79EFBC}") = "经典18", "经典18\经典18.csproj", "{1A145A1F-7DFD-4CC7-B411-99DA9F12D765}"
EndProject
Project("{FAE04EC0-301F-11D3-BF4B-00C04F79EFBC}") = "经典19", "经典19\经典19.csproj", "{B6B327D6-C1F4-4B45-A09E-7CB885F03970}"
EndProject
Project("{FAE04EC0-301F-11D3-BF4B-00C04F79EFBC}") = "经典20", "经典20\经典20.csproj", "{56A7CB0D-4474-423E-B6A6-7FD9483471E9}"
EndProject
Project("{FAE04EC0-301F-11D3-BF4B-00C04F79EFBC}") = "经典20递归", "经典20递归\经典20递归.csproj", "{5C0F44B0-5A12-4680-B505-AD91C62D56B9}"
EndProject
Project("{FAE04EC0-301F-11D3-BF4B-00C04F79EFBC}") = "经典19巩固", "经典19巩固\经典19巩固.csproj", "{C4AC3990-A888-4B02-A80F-554985AC497C}"
EndProject
Project("{FAE04EC0-301F-11D3-BF4B-00C04F79EFBC}") = "经典21", "经典21\经典21.csproj", "{6906E140-E607-4C6A-B0F2-69C8483F792C}"
EndProject
Project("{FAE04EC0-301F-11D3-BF4B-00C04F79EFBC}") = "经典21递归", "经典21递归\经典21递归.csproj", "{7EE2B169-0B80-496A-BB92-F4E5C20463B1}"
EndProject
Project("{FAE04EC0-301F-11D3-BF4B-00C04F79EFBC}") = "经典22", "经典22\经典22.csproj", "{6EE68568-7200-458C-8CD2-6F23B2B8F472}"
EndProject
Project("{FAE04EC0-301F-11D3-BF4B-00C04F79EFBC}") = "经典23", "经典23\经典23.csproj", "{8B24D2B9-74A7-4254-BB87-A2961E21EA64}"
EndProject
Project("{FAE04EC0-301F-11D3-BF4B-00C04F79EFBC}") = "经典24", "经典24\经典24.csproj", "{E71D85FE-9552-45B1-8CB8-2C97B88722C4}"
EndProject
Project("{FAE04EC0-301F-11D3-BF4B-00C04F79EFBC}") = "经典24字符数组", "经典24字符数组\经典24字符数组.csproj", "{34A64943-E126-4F30-9989-DF702D655F57}"
EndProject
Project("{FAE04EC0-301F-11D3-BF4B-00C04F79EFBC}") = "经典25", "经典25\经典25.csproj", "{45D837E7-701F-4D9D-956F-9C2A01116381}"
EndProject
Project("{FAE04EC0-301F-11D3-BF4B-00C04F79EFBC}") = "经典25字符数组", "经典25字符数组\经典25字符数组.csproj", "{E7D1D769-E6C4-47C1-AF75-3E8032D53FCD}"
EndProject
Project("{FAE04EC0-301F-11D3-BF4B-00C04F79EFBC}") = "经典26", "经典26\经典26.csproj", "{46581204-0C3F-431E-B09E-63A888D0025D}"
EndProject
Project("{FAE04EC0-301F-11D3-BF4B-00C04F79EFBC}") = "经典29", "经典29\经典29.csproj", "{82303DB1-E2A2-43D4-97CE-C864AD11ABDB}"
EndProject
Project("{FAE04EC0-301F-11D3-BF4B-00C04F79EFBC}") = "经典27", "经典27\经典27.csproj", "{7B857064-DE1E-4A28-9987-228D4713BD96}"
EndProject
Project("{FAE04EC0-301F-11D3-BF4B-00C04F79EFBC}") = "经典28", "经典28\经典28.csproj", "{C154416C-A405-4560-8369-76C30EB1CFEE}"
EndProject
Project("{FAE04EC0-301F-11D3-BF4B-00C04F79EFBC}") = "经典30", "经典30\经典30.csproj", "{773813DF-2146-4953-8592-B2328BA92FDD}"
EndProject
Project("{FAE04EC0-301F-11D3-BF4B-00C04F79EFBC}") = "经典33", "经典33\经典33.csproj", "{7500AFA1-D544-40F5-8C14-277714088371}"
EndProject
Project("{FAE04EC0-301F-11D3-BF4B-00C04F79EFBC}") = "经典31", "经典31\经典31.csproj", "{374FCD01-ADA6-4249-B51C-241AF6EC7E96}"
EndProject
Project("{FAE04EC0-301F-11D3-BF4B-00C04F79EFBC}") = "经典32", "经典32\经典32.csproj", "{80CC2E1A-C262-4DBC-A90D-C251312E328F}"
EndProject
Project("{FAE04EC0-301F-11D3-BF4B-00C04F79EFBC}") = "经典34", "经典34\经典34.csproj", "{B2E6A756-FE89-46C7-861F-68BD28AFC80B}"
EndProject
Project("{FAE04EC0-301F-11D3-BF4B-00C04F79EFBC}") = "经典35", "经典35\经典35.csproj", "{97BC4783-7C82-4539-90DE-23A7B39F0A1C}"
EndProject
Project("{FAE04EC0-301F-11D3-BF4B-00C04F79EFBC}") = "经典36", "经典36\经典36.csproj", "{7A7E6435-00E3-48A5-85AC-2FD14DC0DB2F}"
EndProject
Project("{FAE04EC0-301F-11D3-BF4B-00C04F79EFBC}") = "经典37", "经典37\经典37.csproj", "{F3AAAACC-BB19-4BCA-A744-4A47B34CE678}"
EndProject
Project("{FAE04EC0-301F-11D3-BF4B-00C04F79EFBC}") = "经典38", "经典38\经典38.csproj", "{100AA841-E450-4E81-A8AC-B81EAEFD263A}"
EndProject
Project("{FAE04EC0-301F-11D3-BF4B-00C04F79EFBC}") = "经典39", "经典39\经典39.csproj", "{ABB0F8D3-A426-4F62-8149-4700645FC386}"
EndProject
Project("{FAE04EC0-301F-11D3-BF4B-00C04F79EFBC}") = "经典40", "经典40\经典40.csproj", "{37769259-DEF3-4F00-9EB1-635CA477BEB2}"
EndProject
Project("{FAE04EC0-301F-11D3-BF4B-00C04F79EFBC}") = "经典41", "经典41\经典41.csproj", "{E0C241A7-0C7F-4999-8DD3-C5DA7489878F}"
EndProject
Project("{FAE04EC0-301F-11D3-BF4B-00C04F79EFBC}") = "经典42", "经典42\经典42.csproj", "{09E18E1E-16E0-4E7E-A44C-271C0139690B}"
EndProject
Project("{FAE04EC0-301F-11D3-BF4B-00C04F79EFBC}") = "经典43", "经典43\经典43.csproj", "{B54F48DD-1EE2-4B80-82FF-841B4E8C8637}"
EndProject
Project("{FAE04EC0-301F-11D3-BF4B-00C04F79EFBC}") = "经典44", "经典44\经典44.csproj", "{1D41F7E5-C416-4921-A81E-3DE039F7CDD3}"
EndProject
Project("{FAE04EC0-301F-11D3-BF4B-00C04F79EFBC}") = "经典45", "经典45\经典45.csproj", "{2677CDD7-2920-4C8D-8431-1481DAF4F0A3}"
EndProject
Project("{FAE04EC0-301F-11D3-BF4B-00C04F79EFBC}") = "经典46", "经典46\经典46.csproj", "{57A98FE1-13DF-4C4A-9793-58B3E8641804}"
EndProject
Project("{FAE04EC0-301F-11D3-BF4B-00C04F79EFBC}") = "经典47", "经典47\经典47.csproj", "{8EA40FC0-461D-449E-B860-2683F5377CC2}"
EndProject
Project("{FAE04EC0-301F-11D3-BF4B-00C04F79EFBC}") = "经典48", "经典48\经典48.csproj", "{9B88368A-7135-4ACB-A188-54A5F1EE7E35}"
EndProject
Project("{FAE04EC0-301F-11D3-BF4B-00C04F79EFBC}") = "经典49", "经典49\经典49.csproj", "{C1A475E9-C99D-43D6-AEE4-E21E3D358F64}"
EndProject
Project("{FAE04EC0-301F-11D3-BF4B-00C04F79EFBC}") = "经典50", "经典50\经典50.csproj", "{49BBAAA4-0479-40F0-B15F-956EB57DF052}"
EndProject
Project("{FAE04EC0-301F-11D3-BF4B-00C04F79EFBC}") = "经典01尾递归实现", "经典01尾递归实现\经典01尾递归实现.csproj", "{EF1A3EA4-29F4-4554-AB59-3880551C53F2}"
EndProject
Project("{FAE04EC0-301F-11D3-BF4B-00C04F79EFBC}") = "经典09改进", "经典09改进\经典09改进.csproj", "{1F73957D-F9FF-40D2-A2B1-185D88B3F8DB}"
EndProject
Project("{FAE04EC0-301F-11D3-BF4B-00C04F79EFBC}") = "经典11修改", "经典11修改\经典11修改.csproj", "{5BD709D4-226F-4470-9D7A-573F119F4009}"
EndProject
Project("{FAE04EC0-301F-11D3-BF4B-00C04F79EFBC}") = "经典13扩展", "经典13扩展\经典13扩展.csproj", "{FCE7E29F-87E2-4E0F-AF3C-F0CE00825C53}"
EndProject
Project("{FAE04EC0-301F-11D3-BF4B-00C04F79EFBC}") = "经典21尾递归", "经典21尾递归\经典21尾递归.csproj", "{C250835B-FEB5-4BD1-824E-14BBEE635DCC}"
EndProject
Project("{FAE04EC0-301F-11D3-BF4B-00C04F79EFBC}") = "经典22尾递归", "经典22尾递归\经典22尾递归.csproj", "{03569624-4C08-4BC4-8EFB-F8F1DF7CD462}"
EndProject
Global
	GlobalSection(SolutionConfigurationPlatforms) = preSolution
		Debug|Any CPU = Debug|Any CPU
		Release|Any CPU = Release|Any CPU
	EndGlobalSection
	GlobalSection(ProjectConfigurationPlatforms) = postSolution
		{BF89CED3-5536-450C-A9D8-FB9E3C778487}.Debug|Any CPU.ActiveCfg = Debug|Any CPU
		{BF89CED3-5536-450C-A9D8-FB9E3C778487}.Debug|Any CPU.Build.0 = Debug|Any CPU
		{BF89CED3-5536-450C-A9D8-FB9E3C778487}.Release|Any CPU.ActiveCfg = Release|Any CPU
		{BF89CED3-5536-450C-A9D8-FB9E3C778487}.Release|Any CPU.Build.0 = Release|Any CPU
		{1D02436D-22C1-41D0-ADA7-EC264D36589A}.Debug|Any CPU.ActiveCfg = Debug|Any CPU
		{1D02436D-22C1-41D0-ADA7-EC264D36589A}.Debug|Any CPU.Build.0 = Debug|Any CPU
		{1D02436D-22C1-41D0-ADA7-EC264D36589A}.Release|Any CPU.ActiveCfg = Release|Any CPU
		{1D02436D-22C1-41D0-ADA7-EC264D36589A}.Release|Any CPU.Build.0 = Release|Any CPU
		{D266738C-0BE4-42E9-836A-3BFF8F2874B8}.Debug|Any CPU.ActiveCfg = Debug|Any CPU
		{D266738C-0BE4-42E9-836A-3BFF8F2874B8}.Debug|Any CPU.Build.0 = Debug|Any CPU
		{D266738C-0BE4-42E9-836A-3BFF8F2874B8}.Release|Any CPU.ActiveCfg = Release|Any CPU
		{D266738C-0BE4-42E9-836A-3BFF8F2874B8}.Release|Any CPU.Build.0 = Release|Any CPU
		{F40D8928-39CD-4E22-93C9-44C3456E8853}.Debug|Any CPU.ActiveCfg = Debug|Any CPU
		{F40D8928-39CD-4E22-93C9-44C3456E8853}.Debug|Any CPU.Build.0 = Debug|Any CPU
		{F40D8928-39CD-4E22-93C9-44C3456E8853}.Release|Any CPU.ActiveCfg = Release|Any CPU
		{F40D8928-39CD-4E22-93C9-44C3456E8853}.Release|Any CPU.Build.0 = Release|Any CPU
		{01868AB9-7F0D-4CCF-B02D-0E61D3DE0542}.Debug|Any CPU.ActiveCfg = Debug|Any CPU
		{01868AB9-7F0D-4CCF-B02D-0E61D3DE0542}.Debug|Any CPU.Build.0 = Debug|Any CPU
		{01868AB9-7F0D-4CCF-B02D-0E61D3DE0542}.Release|Any CPU.ActiveCfg = Release|Any CPU
		{01868AB9-7F0D-4CCF-B02D-0E61D3DE0542}.Release|Any CPU.Build.0 = Release|Any CPU
		{074F1F02-AA97-4DB0-BA28-D1681D375A17}.Debug|Any CPU.ActiveCfg = Debug|Any CPU
		{074F1F02-AA97-4DB0-BA28-D1681D375A17}.Debug|Any CPU.Build.0 = Debug|Any CPU
		{074F1F02-AA97-4DB0-BA28-D1681D375A17}.Release|Any CPU.ActiveCfg = Release|Any CPU
		{074F1F02-AA97-4DB0-BA28-D1681D375A17}.Release|Any CPU.Build.0 = Release|Any CPU
		{40697325-F042-4083-A8AF-EFFD71DE34F1}.Debug|Any CPU.ActiveCfg = Debug|Any CPU
		{40697325-F042-4083-A8AF-EFFD71DE34F1}.Debug|Any CPU.Build.0 = Debug|Any CPU
		{40697325-F042-4083-A8AF-EFFD71DE34F1}.Release|Any CPU.ActiveCfg = Release|Any CPU
		{40697325-F042-4083-A8AF-EFFD71DE34F1}.Release|Any CPU.Build.0 = Release|Any CPU
		{CAB856FD-BB84-458E-8D17-F55C4083056A}.Debug|Any CPU.ActiveCfg = Debug|Any CPU
		{CAB856FD-BB84-458E-8D17-F55C4083056A}.Debug|Any CPU.Build.0 = Debug|Any CPU
		{CAB856FD-BB84-458E-8D17-F55C4083056A}.Release|Any CPU.ActiveCfg = Release|Any CPU
		{CAB856FD-BB84-458E-8D17-F55C4083056A}.Release|Any CPU.Build.0 = Release|Any CPU
		{2F5D19D4-5093-4DE7-B1DA-156D50077E2D}.Debug|Any CPU.ActiveCfg = Debug|Any CPU
		{2F5D19D4-5093-4DE7-B1DA-156D50077E2D}.Debug|Any CPU.Build.0 = Debug|Any CPU
		{2F5D19D4-5093-4DE7-B1DA-156D50077E2D}.Release|Any CPU.ActiveCfg = Release|Any CPU
		{2F5D19D4-5093-4DE7-B1DA-156D50077E2D}.Release|Any CPU.Build.0 = Release|Any CPU
		{48F48900-D888-4B29-8794-FBEDB9C57455}.Debug|Any CPU.ActiveCfg = Debug|Any CPU
		{48F48900-D888-4B29-8794-FBEDB9C57455}.Debug|Any CPU.Build.0 = Debug|Any CPU
		{48F48900-D888-4B29-8794-FBEDB9C57455}.Release|Any CPU.ActiveCfg = Release|Any CPU
		{48F48900-D888-4B29-8794-FBEDB9C57455}.Release|Any CPU.Build.0 = Release|Any CPU
		{591B59E9-6064-4928-9F0D-E6ED763068D6}.Debug|Any CPU.ActiveCfg = Debug|Any CPU
		{591B59E9-6064-4928-9F0D-E6ED763068D6}.Debug|Any CPU.Build.0 = Debug|Any CPU
		{591B59E9-6064-4928-9F0D-E6ED763068D6}.Release|Any CPU.ActiveCfg = Release|Any CPU
		{591B59E9-6064-4928-9F0D-E6ED763068D6}.Release|Any CPU.Build.0 = Release|Any CPU
		{616B0540-6795-4059-B53A-E1CE7A5D805F}.Debug|Any CPU.ActiveCfg = Debug|Any CPU
		{616B0540-6795-4059-B53A-E1CE7A5D805F}.Debug|Any CPU.Build.0 = Debug|Any CPU
		{616B0540-6795-4059-B53A-E1CE7A5D805F}.Release|Any CPU.ActiveCfg = Release|Any CPU
		{616B0540-6795-4059-B53A-E1CE7A5D805F}.Release|Any CPU.Build.0 = Release|Any CPU
		{7B3AF0E6-FED4-4BBE-B817-397F9883E6EB}.Debug|Any CPU.ActiveCfg = Debug|Any CPU
		{7B3AF0E6-FED4-4BBE-B817-397F9883E6EB}.Debug|Any CPU.Build.0 = Debug|Any CPU
		{7B3AF0E6-FED4-4BBE-B817-397F9883E6EB}.Release|Any CPU.ActiveCfg = Release|Any CPU
		{7B3AF0E6-FED4-4BBE-B817-397F9883E6EB}.Release|Any CPU.Build.0 = Release|Any CPU
		{D5DF97A9-1C65-4CF4-AAE9-D86E55D6CC18}.Debug|Any CPU.ActiveCfg = Debug|Any CPU
		{D5DF97A9-1C65-4CF4-AAE9-D86E55D6CC18}.Debug|Any CPU.Build.0 = Debug|Any CPU
		{D5DF97A9-1C65-4CF4-AAE9-D86E55D6CC18}.Release|Any CPU.ActiveCfg = Release|Any CPU
		{D5DF97A9-1C65-4CF4-AAE9-D86E55D6CC18}.Release|Any CPU.Build.0 = Release|Any CPU
		{34B28C90-96FA-4083-B569-4F15E37DCA01}.Debug|Any CPU.ActiveCfg = Debug|Any CPU
		{34B28C90-96FA-4083-B569-4F15E37DCA01}.Debug|Any CPU.Build.0 = Debug|Any CPU
		{34B28C90-96FA-4083-B569-4F15E37DCA01}.Release|Any CPU.ActiveCfg = Release|Any CPU
		{34B28C90-96FA-4083-B569-4F15E37DCA01}.Release|Any CPU.Build.0 = Release|Any CPU
		{F8CCBBA6-62BF-4615-9CDD-6181619696D5}.Debug|Any CPU.ActiveCfg = Debug|Any CPU
		{F8CCBBA6-62BF-4615-9CDD-6181619696D5}.Debug|Any CPU.Build.0 = Debug|Any CPU
		{F8CCBBA6-62BF-4615-9CDD-6181619696D5}.Release|Any CPU.ActiveCfg = Release|Any CPU
		{F8CCBBA6-62BF-4615-9CDD-6181619696D5}.Release|Any CPU.Build.0 = Release|Any CPU
		{F16F538C-6CD2-4E8C-B137-1B2C9D20C29E}.Debug|Any CPU.ActiveCfg = Debug|Any CPU
		{F16F538C-6CD2-4E8C-B137-1B2C9D20C29E}.Debug|Any CPU.Build.0 = Debug|Any CPU
		{F16F538C-6CD2-4E8C-B137-1B2C9D20C29E}.Release|Any CPU.ActiveCfg = Release|Any CPU
		{F16F538C-6CD2-4E8C-B137-1B2C9D20C29E}.Release|Any CPU.Build.0 = Release|Any CPU
		{18ED550A-8E13-477F-B8A4-34CD1E9E4D20}.Debug|Any CPU.ActiveCfg = Debug|Any CPU
		{18ED550A-8E13-477F-B8A4-34CD1E9E4D20}.Debug|Any CPU.Build.0 = Debug|Any CPU
		{18ED550A-8E13-477F-B8A4-34CD1E9E4D20}.Release|Any CPU.ActiveCfg = Release|Any CPU
		{18ED550A-8E13-477F-B8A4-34CD1E9E4D20}.Release|Any CPU.Build.0 = Release|Any CPU
		{2B0FAE56-8CF8-45AE-8E0B-97A2AFDD6F19}.Debug|Any CPU.ActiveCfg = Debug|Any CPU
		{2B0FAE56-8CF8-45AE-8E0B-97A2AFDD6F19}.Debug|Any CPU.Build.0 = Debug|Any CPU
		{2B0FAE56-8CF8-45AE-8E0B-97A2AFDD6F19}.Release|Any CPU.ActiveCfg = Release|Any CPU
		{2B0FAE56-8CF8-45AE-8E0B-97A2AFDD6F19}.Release|Any CPU.Build.0 = Release|Any CPU
		{4FAB09FC-FF37-4401-B842-152EDAA5E027}.Debug|Any CPU.ActiveCfg = Debug|Any CPU
		{4FAB09FC-FF37-4401-B842-152EDAA5E027}.Debug|Any CPU.Build.0 = Debug|Any CPU
		{4FAB09FC-FF37-4401-B842-152EDAA5E027}.Release|Any CPU.ActiveCfg = Release|Any CPU
		{4FAB09FC-FF37-4401-B842-152EDAA5E027}.Release|Any CPU.Build.0 = Release|Any CPU
		{6F7C1DB3-67D7-4E98-B4B8-16D7718E2D26}.Debug|Any CPU.ActiveCfg = Debug|Any CPU
		{6F7C1DB3-67D7-4E98-B4B8-16D7718E2D26}.Debug|Any CPU.Build.0 = Debug|Any CPU
		{6F7C1DB3-67D7-4E98-B4B8-16D7718E2D26}.Release|Any CPU.ActiveCfg = Release|Any CPU
		{6F7C1DB3-67D7-4E98-B4B8-16D7718E2D26}.Release|Any CPU.Build.0 = Release|Any CPU
		{1A145A1F-7DFD-4CC7-B411-99DA9F12D765}.Debug|Any CPU.ActiveCfg = Debug|Any CPU
		{1A145A1F-7DFD-4CC7-B411-99DA9F12D765}.Debug|Any CPU.Build.0 = Debug|Any CPU
		{1A145A1F-7DFD-4CC7-B411-99DA9F12D765}.Release|Any CPU.ActiveCfg = Release|Any CPU
		{1A145A1F-7DFD-4CC7-B411-99DA9F12D765}.Release|Any CPU.Build.0 = Release|Any CPU
		{B6B327D6-C1F4-4B45-A09E-7CB885F03970}.Debug|Any CPU.ActiveCfg = Debug|Any CPU
		{B6B327D6-C1F4-4B45-A09E-7CB885F03970}.Debug|Any CPU.Build.0 = Debug|Any CPU
		{B6B327D6-C1F4-4B45-A09E-7CB885F03970}.Release|Any CPU.ActiveCfg = Release|Any CPU
		{B6B327D6-C1F4-4B45-A09E-7CB885F03970}.Release|Any CPU.Build.0 = Release|Any CPU
		{56A7CB0D-4474-423E-B6A6-7FD9483471E9}.Debug|Any CPU.ActiveCfg = Debug|Any CPU
		{56A7CB0D-4474-423E-B6A6-7FD9483471E9}.Debug|Any CPU.Build.0 = Debug|Any CPU
		{56A7CB0D-4474-423E-B6A6-7FD9483471E9}.Release|Any CPU.ActiveCfg = Release|Any CPU
		{56A7CB0D-4474-423E-B6A6-7FD9483471E9}.Release|Any CPU.Build.0 = Release|Any CPU
		{5C0F44B0-5A12-4680-B505-AD91C62D56B9}.Debug|Any CPU.ActiveCfg = Debug|Any CPU
		{5C0F44B0-5A12-4680-B505-AD91C62D56B9}.Debug|Any CPU.Build.0 = Debug|Any CPU
		{5C0F44B0-5A12-4680-B505-AD91C62D56B9}.Release|Any CPU.ActiveCfg = Release|Any CPU
		{5C0F44B0-5A12-4680-B505-AD91C62D56B9}.Release|Any CPU.Build.0 = Release|Any CPU
		{C4AC3990-A888-4B02-A80F-554985AC497C}.Debug|Any CPU.ActiveCfg = Debug|Any CPU
		{C4AC3990-A888-4B02-A80F-554985AC497C}.Debug|Any CPU.Build.0 = Debug|Any CPU
		{C4AC3990-A888-4B02-A80F-554985AC497C}.Release|Any CPU.ActiveCfg = Release|Any CPU
		{C4AC3990-A888-4B02-A80F-554985AC497C}.Release|Any CPU.Build.0 = Release|Any CPU
		{6906E140-E607-4C6A-B0F2-69C8483F792C}.Debug|Any CPU.ActiveCfg = Debug|Any CPU
		{6906E140-E607-4C6A-B0F2-69C8483F792C}.Debug|Any CPU.Build.0 = Debug|Any CPU
		{6906E140-E607-4C6A-B0F2-69C8483F792C}.Release|Any CPU.ActiveCfg = Release|Any CPU
		{6906E140-E607-4C6A-B0F2-69C8483F792C}.Release|Any CPU.Build.0 = Release|Any CPU
		{7EE2B169-0B80-496A-BB92-F4E5C20463B1}.Debug|Any CPU.ActiveCfg = Debug|Any CPU
		{7EE2B169-0B80-496A-BB92-F4E5C20463B1}.Debug|Any CPU.Build.0 = Debug|Any CPU
		{7EE2B169-0B80-496A-BB92-F4E5C20463B1}.Release|Any CPU.ActiveCfg = Release|Any CPU
		{7EE2B169-0B80-496A-BB92-F4E5C20463B1}.Release|Any CPU.Build.0 = Release|Any CPU
		{6EE68568-7200-458C-8CD2-6F23B2B8F472}.Debug|Any CPU.ActiveCfg = Debug|Any CPU
		{6EE68568-7200-458C-8CD2-6F23B2B8F472}.Debug|Any CPU.Build.0 = Debug|Any CPU
		{6EE68568-7200-458C-8CD2-6F23B2B8F472}.Release|Any CPU.ActiveCfg = Release|Any CPU
		{6EE68568-7200-458C-8CD2-6F23B2B8F472}.Release|Any CPU.Build.0 = Release|Any CPU
		{8B24D2B9-74A7-4254-BB87-A2961E21EA64}.Debug|Any CPU.ActiveCfg = Debug|Any CPU
		{8B24D2B9-74A7-4254-BB87-A2961E21EA64}.Debug|Any CPU.Build.0 = Debug|Any CPU
		{8B24D2B9-74A7-4254-BB87-A2961E21EA64}.Release|Any CPU.ActiveCfg = Release|Any CPU
		{8B24D2B9-74A7-4254-BB87-A2961E21EA64}.Release|Any CPU.Build.0 = Release|Any CPU
		{E71D85FE-9552-45B1-8CB8-2C97B88722C4}.Debug|Any CPU.ActiveCfg = Debug|Any CPU
		{E71D85FE-9552-45B1-8CB8-2C97B88722C4}.Debug|Any CPU.Build.0 = Debug|Any CPU
		{E71D85FE-9552-45B1-8CB8-2C97B88722C4}.Release|Any CPU.ActiveCfg = Release|Any CPU
		{E71D85FE-9552-45B1-8CB8-2C97B88722C4}.Release|Any CPU.Build.0 = Release|Any CPU
		{34A64943-E126-4F30-9989-DF702D655F57}.Debug|Any CPU.ActiveCfg = Debug|Any CPU
		{34A64943-E126-4F30-9989-DF702D655F57}.Debug|Any CPU.Build.0 = Debug|Any CPU
		{34A64943-E126-4F30-9989-DF702D655F57}.Release|Any CPU.ActiveCfg = Release|Any CPU
		{34A64943-E126-4F30-9989-DF702D655F57}.Release|Any CPU.Build.0 = Release|Any CPU
		{45D837E7-701F-4D9D-956F-9C2A01116381}.Debug|Any CPU.ActiveCfg = Debug|Any CPU
		{45D837E7-701F-4D9D-956F-9C2A01116381}.Debug|Any CPU.Build.0 = Debug|Any CPU
		{45D837E7-701F-4D9D-956F-9C2A01116381}.Release|Any CPU.ActiveCfg = Release|Any CPU
		{45D837E7-701F-4D9D-956F-9C2A01116381}.Release|Any CPU.Build.0 = Release|Any CPU
		{E7D1D769-E6C4-47C1-AF75-3E8032D53FCD}.Debug|Any CPU.ActiveCfg = Debug|Any CPU
		{E7D1D769-E6C4-47C1-AF75-3E8032D53FCD}.Debug|Any CPU.Build.0 = Debug|Any CPU
		{E7D1D769-E6C4-47C1-AF75-3E8032D53FCD}.Release|Any CPU.ActiveCfg = Release|Any CPU
		{E7D1D769-E6C4-47C1-AF75-3E8032D53FCD}.Release|Any CPU.Build.0 = Release|Any CPU
		{46581204-0C3F-431E-B09E-63A888D0025D}.Debug|Any CPU.ActiveCfg = Debug|Any CPU
		{46581204-0C3F-431E-B09E-63A888D0025D}.Debug|Any CPU.Build.0 = Debug|Any CPU
		{46581204-0C3F-431E-B09E-63A888D0025D}.Release|Any CPU.ActiveCfg = Release|Any CPU
		{46581204-0C3F-431E-B09E-63A888D0025D}.Release|Any CPU.Build.0 = Release|Any CPU
		{82303DB1-E2A2-43D4-97CE-C864AD11ABDB}.Debug|Any CPU.ActiveCfg = Debug|Any CPU
		{82303DB1-E2A2-43D4-97CE-C864AD11ABDB}.Debug|Any CPU.Build.0 = Debug|Any CPU
		{82303DB1-E2A2-43D4-97CE-C864AD11ABDB}.Release|Any CPU.ActiveCfg = Release|Any CPU
		{82303DB1-E2A2-43D4-97CE-C864AD11ABDB}.Release|Any CPU.Build.0 = Release|Any CPU
		{7B857064-DE1E-4A28-9987-228D4713BD96}.Debug|Any CPU.ActiveCfg = Debug|Any CPU
		{7B857064-DE1E-4A28-9987-228D4713BD96}.Debug|Any CPU.Build.0 = Debug|Any CPU
		{7B857064-DE1E-4A28-9987-228D4713BD96}.Release|Any CPU.ActiveCfg = Release|Any CPU
		{7B857064-DE1E-4A28-9987-228D4713BD96}.Release|Any CPU.Build.0 = Release|Any CPU
		{C154416C-A405-4560-8369-76C30EB1CFEE}.Debug|Any CPU.ActiveCfg = Debug|Any CPU
		{C154416C-A405-4560-8369-76C30EB1CFEE}.Debug|Any CPU.Build.0 = Debug|Any CPU
		{C154416C-A405-4560-8369-76C30EB1CFEE}.Release|Any CPU.ActiveCfg = Release|Any CPU
		{C154416C-A405-4560-8369-76C30EB1CFEE}.Release|Any CPU.Build.0 = Release|Any CPU
		{773813DF-2146-4953-8592-B2328BA92FDD}.Debug|Any CPU.ActiveCfg = Debug|Any CPU
		{773813DF-2146-4953-8592-B2328BA92FDD}.Debug|Any CPU.Build.0 = Debug|Any CPU
		{773813DF-2146-4953-8592-B2328BA92FDD}.Release|Any CPU.ActiveCfg = Release|Any CPU
		{773813DF-2146-4953-8592-B2328BA92FDD}.Release|Any CPU.Build.0 = Release|Any CPU
		{7500AFA1-D544-40F5-8C14-277714088371}.Debug|Any CPU.ActiveCfg = Debug|Any CPU
		{7500AFA1-D544-40F5-8C14-277714088371}.Debug|Any CPU.Build.0 = Debug|Any CPU
		{7500AFA1-D544-40F5-8C14-277714088371}.Release|Any CPU.ActiveCfg = Release|Any CPU
		{7500AFA1-D544-40F5-8C14-277714088371}.Release|Any CPU.Build.0 = Release|Any CPU
		{374FCD01-ADA6-4249-B51C-241AF6EC7E96}.Debug|Any CPU.ActiveCfg = Debug|Any CPU
		{374FCD01-ADA6-4249-B51C-241AF6EC7E96}.Debug|Any CPU.Build.0 = Debug|Any CPU
		{374FCD01-ADA6-4249-B51C-241AF6EC7E96}.Release|Any CPU.ActiveCfg = Release|Any CPU
		{374FCD01-ADA6-4249-B51C-241AF6EC7E96}.Release|Any CPU.Build.0 = Release|Any CPU
		{80CC2E1A-C262-4DBC-A90D-C251312E328F}.Debug|Any CPU.ActiveCfg = Debug|Any CPU
		{80CC2E1A-C262-4DBC-A90D-C251312E328F}.Debug|Any CPU.Build.0 = Debug|Any CPU
		{80CC2E1A-C262-4DBC-A90D-C251312E328F}.Release|Any CPU.ActiveCfg = Release|Any CPU
		{80CC2E1A-C262-4DBC-A90D-C251312E328F}.Release|Any CPU.Build.0 = Release|Any CPU
		{B2E6A756-FE89-46C7-861F-68BD28AFC80B}.Debug|Any CPU.ActiveCfg = Debug|Any CPU
		{B2E6A756-FE89-46C7-861F-68BD28AFC80B}.Debug|Any CPU.Build.0 = Debug|Any CPU
		{B2E6A756-FE89-46C7-861F-68BD28AFC80B}.Release|Any CPU.ActiveCfg = Release|Any CPU
		{B2E6A756-FE89-46C7-861F-68BD28AFC80B}.Release|Any CPU.Build.0 = Release|Any CPU
		{97BC4783-7C82-4539-90DE-23A7B39F0A1C}.Debug|Any CPU.ActiveCfg = Debug|Any CPU
		{97BC4783-7C82-4539-90DE-23A7B39F0A1C}.Debug|Any CPU.Build.0 = Debug|Any CPU
		{97BC4783-7C82-4539-90DE-23A7B39F0A1C}.Release|Any CPU.ActiveCfg = Release|Any CPU
		{97BC4783-7C82-4539-90DE-23A7B39F0A1C}.Release|Any CPU.Build.0 = Release|Any CPU
		{7A7E6435-00E3-48A5-85AC-2FD14DC0DB2F}.Debug|Any CPU.ActiveCfg = Debug|Any CPU
		{7A7E6435-00E3-48A5-85AC-2FD14DC0DB2F}.Debug|Any CPU.Build.0 = Debug|Any CPU
		{7A7E6435-00E3-48A5-85AC-2FD14DC0DB2F}.Release|Any CPU.ActiveCfg = Release|Any CPU
		{7A7E6435-00E3-48A5-85AC-2FD14DC0DB2F}.Release|Any CPU.Build.0 = Release|Any CPU
		{F3AAAACC-BB19-4BCA-A744-4A47B34CE678}.Debug|Any CPU.ActiveCfg = Debug|Any CPU
		{F3AAAACC-BB19-4BCA-A744-4A47B34CE678}.Debug|Any CPU.Build.0 = Debug|Any CPU
		{F3AAAACC-BB19-4BCA-A744-4A47B34CE678}.Release|Any CPU.ActiveCfg = Release|Any CPU
		{F3AAAACC-BB19-4BCA-A744-4A47B34CE678}.Release|Any CPU.Build.0 = Release|Any CPU
		{100AA841-E450-4E81-A8AC-B81EAEFD263A}.Debug|Any CPU.ActiveCfg = Debug|Any CPU
		{100AA841-E450-4E81-A8AC-B81EAEFD263A}.Debug|Any CPU.Build.0 = Debug|Any CPU
		{100AA841-E450-4E81-A8AC-B81EAEFD263A}.Release|Any CPU.ActiveCfg = Release|Any CPU
		{100AA841-E450-4E81-A8AC-B81EAEFD263A}.Release|Any CPU.Build.0 = Release|Any CPU
		{ABB0F8D3-A426-4F62-8149-4700645FC386}.Debug|Any CPU.ActiveCfg = Debug|Any CPU
		{ABB0F8D3-A426-4F62-8149-4700645FC386}.Debug|Any CPU.Build.0 = Debug|Any CPU
		{ABB0F8D3-A426-4F62-8149-4700645FC386}.Release|Any CPU.ActiveCfg = Release|Any CPU
		{ABB0F8D3-A426-4F62-8149-4700645FC386}.Release|Any CPU.Build.0 = Release|Any CPU
		{37769259-DEF3-4F00-9EB1-635CA477BEB2}.Debug|Any CPU.ActiveCfg = Debug|Any CPU
		{37769259-DEF3-4F00-9EB1-635CA477BEB2}.Debug|Any CPU.Build.0 = Debug|Any CPU
		{37769259-DEF3-4F00-9EB1-635CA477BEB2}.Release|Any CPU.ActiveCfg = Release|Any CPU
		{37769259-DEF3-4F00-9EB1-635CA477BEB2}.Release|Any CPU.Build.0 = Release|Any CPU
		{E0C241A7-0C7F-4999-8DD3-C5DA7489878F}.Debug|Any CPU.ActiveCfg = Debug|Any CPU
		{E0C241A7-0C7F-4999-8DD3-C5DA7489878F}.Debug|Any CPU.Build.0 = Debug|Any CPU
		{E0C241A7-0C7F-4999-8DD3-C5DA7489878F}.Release|Any CPU.ActiveCfg = Release|Any CPU
		{E0C241A7-0C7F-4999-8DD3-C5DA7489878F}.Release|Any CPU.Build.0 = Release|Any CPU
		{09E18E1E-16E0-4E7E-A44C-271C0139690B}.Debug|Any CPU.ActiveCfg = Debug|Any CPU
		{09E18E1E-16E0-4E7E-A44C-271C0139690B}.Debug|Any CPU.Build.0 = Debug|Any CPU
		{09E18E1E-16E0-4E7E-A44C-271C0139690B}.Release|Any CPU.ActiveCfg = Release|Any CPU
		{09E18E1E-16E0-4E7E-A44C-271C0139690B}.Release|Any CPU.Build.0 = Release|Any CPU
		{B54F48DD-1EE2-4B80-82FF-841B4E8C8637}.Debug|Any CPU.ActiveCfg = Debug|Any CPU
		{B54F48DD-1EE2-4B80-82FF-841B4E8C8637}.Debug|Any CPU.Build.0 = Debug|Any CPU
		{B54F48DD-1EE2-4B80-82FF-841B4E8C8637}.Release|Any CPU.ActiveCfg = Release|Any CPU
		{B54F48DD-1EE2-4B80-82FF-841B4E8C8637}.Release|Any CPU.Build.0 = Release|Any CPU
		{1D41F7E5-C416-4921-A81E-3DE039F7CDD3}.Debug|Any CPU.ActiveCfg = Debug|Any CPU
		{1D41F7E5-C416-4921-A81E-3DE039F7CDD3}.Debug|Any CPU.Build.0 = Debug|Any CPU
		{1D41F7E5-C416-4921-A81E-3DE039F7CDD3}.Release|Any CPU.ActiveCfg = Release|Any CPU
		{1D41F7E5-C416-4921-A81E-3DE039F7CDD3}.Release|Any CPU.Build.0 = Release|Any CPU
		{2677CDD7-2920-4C8D-8431-1481DAF4F0A3}.Debug|Any CPU.ActiveCfg = Debug|Any CPU
		{2677CDD7-2920-4C8D-8431-1481DAF4F0A3}.Debug|Any CPU.Build.0 = Debug|Any CPU
		{2677CDD7-2920-4C8D-8431-1481DAF4F0A3}.Release|Any CPU.ActiveCfg = Release|Any CPU
		{2677CDD7-2920-4C8D-8431-1481DAF4F0A3}.Release|Any CPU.Build.0 = Release|Any CPU
		{57A98FE1-13DF-4C4A-9793-58B3E8641804}.Debug|Any CPU.ActiveCfg = Debug|Any CPU
		{57A98FE1-13DF-4C4A-9793-58B3E8641804}.Debug|Any CPU.Build.0 = Debug|Any CPU
		{57A98FE1-13DF-4C4A-9793-58B3E8641804}.Release|Any CPU.ActiveCfg = Release|Any CPU
		{57A98FE1-13DF-4C4A-9793-58B3E8641804}.Release|Any CPU.Build.0 = Release|Any CPU
		{8EA40FC0-461D-449E-B860-2683F5377CC2}.Debug|Any CPU.ActiveCfg = Debug|Any CPU
		{8EA40FC0-461D-449E-B860-2683F5377CC2}.Debug|Any CPU.Build.0 = Debug|Any CPU
		{8EA40FC0-461D-449E-B860-2683F5377CC2}.Release|Any CPU.ActiveCfg = Release|Any CPU
		{8EA40FC0-461D-449E-B860-2683F5377CC2}.Release|Any CPU.Build.0 = Release|Any CPU
		{9B88368A-7135-4ACB-A188-54A5F1EE7E35}.Debug|Any CPU.ActiveCfg = Debug|Any CPU
		{9B88368A-7135-4ACB-A188-54A5F1EE7E35}.Debug|Any CPU.Build.0 = Debug|Any CPU
		{9B88368A-7135-4ACB-A188-54A5F1EE7E35}.Release|Any CPU.ActiveCfg = Release|Any CPU
		{9B88368A-7135-4ACB-A188-54A5F1EE7E35}.Release|Any CPU.Build.0 = Release|Any CPU
		{C1A475E9-C99D-43D6-AEE4-E21E3D358F64}.Debug|Any CPU.ActiveCfg = Debug|Any CPU
		{C1A475E9-C99D-43D6-AEE4-E21E3D358F64}.Debug|Any CPU.Build.0 = Debug|Any CPU
		{C1A475E9-C99D-43D6-AEE4-E21E3D358F64}.Release|Any CPU.ActiveCfg = Release|Any CPU
		{C1A475E9-C99D-43D6-AEE4-E21E3D358F64}.Release|Any CPU.Build.0 = Release|Any CPU
		{49BBAAA4-0479-40F0-B15F-956EB57DF052}.Debug|Any CPU.ActiveCfg = Debug|Any CPU
		{49BBAAA4-0479-40F0-B15F-956EB57DF052}.Debug|Any CPU.Build.0 = Debug|Any CPU
		{49BBAAA4-0479-40F0-B15F-956EB57DF052}.Release|Any CPU.ActiveCfg = Release|Any CPU
		{49BBAAA4-0479-40F0-B15F-956EB57DF052}.Release|Any CPU.Build.0 = Release|Any CPU
		{EF1A3EA4-29F4-4554-AB59-3880551C53F2}.Debug|Any CPU.ActiveCfg = Debug|Any CPU
		{EF1A3EA4-29F4-4554-AB59-3880551C53F2}.Debug|Any CPU.Build.0 = Debug|Any CPU
		{EF1A3EA4-29F4-4554-AB59-3880551C53F2}.Release|Any CPU.ActiveCfg = Release|Any CPU
		{EF1A3EA4-29F4-4554-AB59-3880551C53F2}.Release|Any CPU.Build.0 = Release|Any CPU
		{1F73957D-F9FF-40D2-A2B1-185D88B3F8DB}.Debug|Any CPU.ActiveCfg = Debug|Any CPU
		{1F73957D-F9FF-40D2-A2B1-185D88B3F8DB}.Debug|Any CPU.Build.0 = Debug|Any CPU
		{1F73957D-F9FF-40D2-A2B1-185D88B3F8DB}.Release|Any CPU.ActiveCfg = Release|Any CPU
		{1F73957D-F9FF-40D2-A2B1-185D88B3F8DB}.Release|Any CPU.Build.0 = Release|Any CPU
		{5BD709D4-226F-4470-9D7A-573F119F4009}.Debug|Any CPU.ActiveCfg = Debug|Any CPU
		{5BD709D4-226F-4470-9D7A-573F119F4009}.Debug|Any CPU.Build.0 = Debug|Any CPU
		{5BD709D4-226F-4470-9D7A-573F119F4009}.Release|Any CPU.ActiveCfg = Release|Any CPU
		{5BD709D4-226F-4470-9D7A-573F119F4009}.Release|Any CPU.Build.0 = Release|Any CPU
		{FCE7E29F-87E2-4E0F-AF3C-F0CE00825C53}.Debug|Any CPU.ActiveCfg = Debug|Any CPU
		{FCE7E29F-87E2-4E0F-AF3C-F0CE00825C53}.Debug|Any CPU.Build.0 = Debug|Any CPU
		{FCE7E29F-87E2-4E0F-AF3C-F0CE00825C53}.Release|Any CPU.ActiveCfg = Release|Any CPU
		{FCE7E29F-87E2-4E0F-AF3C-F0CE00825C53}.Release|Any CPU.Build.0 = Release|Any CPU
		{C250835B-FEB5-4BD1-824E-14BBEE635DCC}.Debug|Any CPU.ActiveCfg = Debug|Any CPU
		{C250835B-FEB5-4BD1-824E-14BBEE635DCC}.Debug|Any CPU.Build.0 = Debug|Any CPU
		{C250835B-FEB5-4BD1-824E-14BBEE635DCC}.Release|Any CPU.ActiveCfg = Release|Any CPU
		{C250835B-FEB5-4BD1-824E-14BBEE635DCC}.Release|Any CPU.Build.0 = Release|Any CPU
		{03569624-4C08-4BC4-8EFB-F8F1DF7CD462}.Debug|Any CPU.ActiveCfg = Debug|Any CPU
		{03569624-4C08-4BC4-8EFB-F8F1DF7CD462}.Debug|Any CPU.Build.0 = Debug|Any CPU
		{03569624-4C08-4BC4-8EFB-F8F1DF7CD462}.Release|Any CPU.ActiveCfg = Release|Any CPU
		{03569624-4C08-4BC4-8EFB-F8F1DF7CD462}.Release|Any CPU.Build.0 = Release|Any CPU
	EndGlobalSection
	GlobalSection(SolutionProperties) = preSolution
		HideSolutionNode = FALSE
	EndGlobalSection
EndGlobal
