
Microsoft Visual Studio Solution File, Format Version 12.00
# Visual Studio 14
VisualStudioVersion = 14.0.25420.1
MinimumVisualStudioVersion = 10.0.40219.1
Project("{E24C65DC-7377-472B-9ABA-BC803B73C61A}") = "060101AssignProject", ".", "{74C4FC14-5E83-45D3-BF3F-55D8E77CE334}"
	ProjectSection(WebsiteProperties) = preProject
		TargetFrameworkMoniker = ".NETFramework,Version%3Dv4.6"
		ProjectReferences = "{1db61887-64c3-4374-b926-5413aa20048f}|AssignProjectModel.dll;{4fa64b5f-4889-4f83-a9c4-4fbb28d1237e}|AssignProjectBLL.dll;{B36CC0C7-7FBC-49F4-BDD8-1E7984353595}|AssignProjectDAL.dll;"
		Debug.AspNetCompiler.VirtualPath = "/localhost_1930"
		Debug.AspNetCompiler.PhysicalPath = "..\060101AssignProject\"
		Debug.AspNetCompiler.TargetPath = "PrecompiledWeb\localhost_1930\"
		Debug.AspNetCompiler.Updateable = "true"
		Debug.AspNetCompiler.ForceOverwrite = "true"
		Debug.AspNetCompiler.FixedNames = "false"
		Debug.AspNetCompiler.Debug = "True"
		Release.AspNetCompiler.VirtualPath = "/localhost_1930"
		Release.AspNetCompiler.PhysicalPath = "..\060101AssignProject\"
		Release.AspNetCompiler.TargetPath = "PrecompiledWeb\localhost_1930\"
		Release.AspNetCompiler.Updateable = "true"
		Release.AspNetCompiler.ForceOverwrite = "true"
		Release.AspNetCompiler.FixedNames = "false"
		Release.AspNetCompiler.Debug = "False"
		VWDPort = "1930"
		SlnRelativePath = "..\060101AssignProject\"
		DefaultWebSiteLanguage = "Visual C#"
	EndProjectSection
EndProject
Project("{FAE04EC0-301F-11D3-BF4B-00C04F79EFBC}") = "AssignProjectModel", "AssignProjectModel\AssignProjectModel.csproj", "{1DB61887-64C3-4374-B926-5413AA20048F}"
EndProject
Project("{FAE04EC0-301F-11D3-BF4B-00C04F79EFBC}") = "AssignProjectDAL", "AssignProjectDAL\AssignProjectDAL.csproj", "{B36CC0C7-7FBC-49F4-BDD8-1E7984353595}"
EndProject
Project("{FAE04EC0-301F-11D3-BF4B-00C04F79EFBC}") = "AssignProjectBLL", "AssignProjectBLL\AssignProjectBLL.csproj", "{4FA64B5F-4889-4F83-A9C4-4FBB28D1237E}"
EndProject
Global
	GlobalSection(SolutionConfigurationPlatforms) = preSolution
		Debug|Any CPU = Debug|Any CPU
		Release|Any CPU = Release|Any CPU
	EndGlobalSection
	GlobalSection(ProjectConfigurationPlatforms) = postSolution
		{74C4FC14-5E83-45D3-BF3F-55D8E77CE334}.Debug|Any CPU.ActiveCfg = Debug|Any CPU
		{74C4FC14-5E83-45D3-BF3F-55D8E77CE334}.Debug|Any CPU.Build.0 = Debug|Any CPU
		{74C4FC14-5E83-45D3-BF3F-55D8E77CE334}.Release|Any CPU.ActiveCfg = Debug|Any CPU
		{74C4FC14-5E83-45D3-BF3F-55D8E77CE334}.Release|Any CPU.Build.0 = Debug|Any CPU
		{1DB61887-64C3-4374-B926-5413AA20048F}.Debug|Any CPU.ActiveCfg = Debug|Any CPU
		{1DB61887-64C3-4374-B926-5413AA20048F}.Debug|Any CPU.Build.0 = Debug|Any CPU
		{1DB61887-64C3-4374-B926-5413AA20048F}.Release|Any CPU.ActiveCfg = Release|Any CPU
		{1DB61887-64C3-4374-B926-5413AA20048F}.Release|Any CPU.Build.0 = Release|Any CPU
		{B36CC0C7-7FBC-49F4-BDD8-1E7984353595}.Debug|Any CPU.ActiveCfg = Debug|Any CPU
		{B36CC0C7-7FBC-49F4-BDD8-1E7984353595}.Debug|Any CPU.Build.0 = Debug|Any CPU
		{B36CC0C7-7FBC-49F4-BDD8-1E7984353595}.Release|Any CPU.ActiveCfg = Release|Any CPU
		{B36CC0C7-7FBC-49F4-BDD8-1E7984353595}.Release|Any CPU.Build.0 = Release|Any CPU
		{4FA64B5F-4889-4F83-A9C4-4FBB28D1237E}.Debug|Any CPU.ActiveCfg = Debug|Any CPU
		{4FA64B5F-4889-4F83-A9C4-4FBB28D1237E}.Debug|Any CPU.Build.0 = Debug|Any CPU
		{4FA64B5F-4889-4F83-A9C4-4FBB28D1237E}.Release|Any CPU.ActiveCfg = Release|Any CPU
		{4FA64B5F-4889-4F83-A9C4-4FBB28D1237E}.Release|Any CPU.Build.0 = Release|Any CPU
	EndGlobalSection
	GlobalSection(SolutionProperties) = preSolution
		HideSolutionNode = FALSE
	EndGlobalSection
EndGlobal
